
Microsoft Visual Studio Solution File, Format Version 12.00
# Visual Studio Version 17
VisualStudioVersion = 17.9.34723.18
MinimumVisualStudioVersion = 10.0.40219.1
Project("{FAE04EC0-301F-11D3-BF4B-00C04F79EFBC}") = "MouseApplication", "MouseApplication\MouseApplication.csproj", "{93D876C8-6ED6-4CE0-94C5-BFB1C3BAD1EA}"
EndProject
Project("{2150E333-8FDC-42A3-9474-1A3956D46DE8}") = "Application", "Application", "{5B59B746-49B8-4456-9B07-200B9D7C3F6A}"
EndProject
Global
	GlobalSection(SolutionConfigurationPlatforms) = preSolution
		Debug|Any CPU = Debug|Any CPU
		Release|Any CPU = Release|Any CPU
	EndGlobalSection
	GlobalSection(ProjectConfigurationPlatforms) = postSolution
		{93D876C8-6ED6-4CE0-94C5-BFB1C3BAD1EA}.Debug|Any CPU.ActiveCfg = Debug|Any CPU
		{93D876C8-6ED6-4CE0-94C5-BFB1C3BAD1EA}.Debug|Any CPU.Build.0 = Debug|Any CPU
		{93D876C8-6ED6-4CE0-94C5-BFB1C3BAD1EA}.Release|Any CPU.ActiveCfg = Release|Any CPU
		{93D876C8-6ED6-4CE0-94C5-BFB1C3BAD1EA}.Release|Any CPU.Build.0 = Release|Any CPU
	EndGlobalSection
	GlobalSection(SolutionProperties) = preSolution
		HideSolutionNode = FALSE
	EndGlobalSection
	GlobalSection(NestedProjects) = preSolution
		{93D876C8-6ED6-4CE0-94C5-BFB1C3BAD1EA} = {5B59B746-49B8-4456-9B07-200B9D7C3F6A}
	EndGlobalSection
	GlobalSection(ExtensibilityGlobals) = postSolution
		SolutionGuid = {994DC962-CB8B-480F-B9BF-9E9D26DB72C3}
	EndGlobalSection
EndGlobal
